
Microsoft Visual Studio Solution File, Format Version 12.00
# Visual Studio Version 17
VisualStudioVersion = 17.13.35825.156 d17.13
MinimumVisualStudioVersion = 10.0.40219.1
Project("{FAE04EC0-301F-11D3-BF4B-00C04F79EFBC}") = "eucomb", "eucomb.csproj", "{2FFD3787-11E7-4D26-A661-68E9F63894FF}"
EndProject
Project("{FAE04EC0-301F-11D3-BF4B-00C04F79EFBC}") = "entidades", "..\entidades\entidades.csproj", "{1AE1C6DA-4269-4C4D-AE7C-D23DAAF4F953}"
EndProject
Global
	GlobalSection(SolutionConfigurationPlatforms) = preSolution
		Debug|Any CPU = Debug|Any CPU
		Release|Any CPU = Release|Any CPU
	EndGlobalSection
	GlobalSection(ProjectConfigurationPlatforms) = postSolution
		{2FFD3787-11E7-4D26-A661-68E9F63894FF}.Debug|Any CPU.ActiveCfg = Debug|Any CPU
		{2FFD3787-11E7-4D26-A661-68E9F63894FF}.Debug|Any CPU.Build.0 = Debug|Any CPU
		{2FFD3787-11E7-4D26-A661-68E9F63894FF}.Release|Any CPU.ActiveCfg = Release|Any CPU
		{2FFD3787-11E7-4D26-A661-68E9F63894FF}.Release|Any CPU.Build.0 = Release|Any CPU
		{1AE1C6DA-4269-4C4D-AE7C-D23DAAF4F953}.Debug|Any CPU.ActiveCfg = Debug|Any CPU
		{1AE1C6DA-4269-4C4D-AE7C-D23DAAF4F953}.Debug|Any CPU.Build.0 = Debug|Any CPU
		{1AE1C6DA-4269-4C4D-AE7C-D23DAAF4F953}.Release|Any CPU.ActiveCfg = Release|Any CPU
		{1AE1C6DA-4269-4C4D-AE7C-D23DAAF4F953}.Release|Any CPU.Build.0 = Release|Any CPU
	EndGlobalSection
	GlobalSection(SolutionProperties) = preSolution
		HideSolutionNode = FALSE
	EndGlobalSection
	GlobalSection(ExtensibilityGlobals) = postSolution
		SolutionGuid = {76CBB4A7-6D63-4F4C-B7DB-32FCB78B6CAC}
	EndGlobalSection
EndGlobal
